
Microsoft Visual Studio Solution File, Format Version 12.00
# Visual Studio Version 17
VisualStudioVersion = 17.9.34622.214
MinimumVisualStudioVersion = 10.0.40219.1
Project("{FAE04EC0-301F-11D3-BF4B-00C04F79EFBC}") = "CabManagementSystem", "CabManagementSystem\CabManagementSystem.csproj", "{C4E8DAC4-64BE-4B65-A117-01F737337559}"
EndProject
Global
	GlobalSection(SolutionConfigurationPlatforms) = preSolution
		Debug|Any CPU = Debug|Any CPU
		Release|Any CPU = Release|Any CPU
	EndGlobalSection
	GlobalSection(ProjectConfigurationPlatforms) = postSolution
		{C4E8DAC4-64BE-4B65-A117-01F737337559}.Debug|Any CPU.ActiveCfg = Debug|Any CPU
		{C4E8DAC4-64BE-4B65-A117-01F737337559}.Debug|Any CPU.Build.0 = Debug|Any CPU
		{C4E8DAC4-64BE-4B65-A117-01F737337559}.Release|Any CPU.ActiveCfg = Release|Any CPU
		{C4E8DAC4-64BE-4B65-A117-01F737337559}.Release|Any CPU.Build.0 = Release|Any CPU
	EndGlobalSection
	GlobalSection(SolutionProperties) = preSolution
		HideSolutionNode = FALSE
	EndGlobalSection
	GlobalSection(ExtensibilityGlobals) = postSolution
		SolutionGuid = {4137375D-E2F5-4B33-90A7-7375A29A5EB3}
	EndGlobalSection
EndGlobal
